
Microsoft Visual Studio Solution File, Format Version 12.00
# Visual Studio Version 16
VisualStudioVersion = 16.0.30503.244
MinimumVisualStudioVersion = 10.0.40219.1
Project("{9A19103F-16F7-4668-BE54-9A1E7A4F7556}") = "ClientProcess", "ClientProcess\ClientProcess.csproj", "{51D56712-9D3C-4290-861F-1B16A39B6193}"
EndProject
Project("{FAE04EC0-301F-11D3-BF4B-00C04F79EFBC}") = "ClientProcessTests", "ClientProcessTests\ClientProcessTests.csproj", "{4F7FE6C8-F835-4D0A-949B-BE259D118C75}"
EndProject
Global
	GlobalSection(SolutionConfigurationPlatforms) = preSolution
		Debug|Any CPU = Debug|Any CPU
		Release|Any CPU = Release|Any CPU
	EndGlobalSection
	GlobalSection(ProjectConfigurationPlatforms) = postSolution
		{51D56712-9D3C-4290-861F-1B16A39B6193}.Debug|Any CPU.ActiveCfg = Debug|Any CPU
		{51D56712-9D3C-4290-861F-1B16A39B6193}.Debug|Any CPU.Build.0 = Debug|Any CPU
		{51D56712-9D3C-4290-861F-1B16A39B6193}.Release|Any CPU.ActiveCfg = Release|Any CPU
		{51D56712-9D3C-4290-861F-1B16A39B6193}.Release|Any CPU.Build.0 = Release|Any CPU
		{4F7FE6C8-F835-4D0A-949B-BE259D118C75}.Debug|Any CPU.ActiveCfg = Debug|Any CPU
		{4F7FE6C8-F835-4D0A-949B-BE259D118C75}.Debug|Any CPU.Build.0 = Debug|Any CPU
		{4F7FE6C8-F835-4D0A-949B-BE259D118C75}.Release|Any CPU.ActiveCfg = Release|Any CPU
		{4F7FE6C8-F835-4D0A-949B-BE259D118C75}.Release|Any CPU.Build.0 = Release|Any CPU
	EndGlobalSection
	GlobalSection(SolutionProperties) = preSolution
		HideSolutionNode = FALSE
	EndGlobalSection
	GlobalSection(ExtensibilityGlobals) = postSolution
		SolutionGuid = {BFE13DF0-CBE4-4BE2-815C-323C08A7C4BA}
	EndGlobalSection
EndGlobal
